// !$*UTF8*$!
{
	archiveVersion = 1;
	classes = {
	};
	objectVersion = 56;
	objects = {

/* Begin PBXBuildFile section */
		6E5D07DB2C4EAA92006BA8B4 /* WeatherAppApp.swift in Sources */ = {isa = PBXBuildFile; fileRef = 6E5D07DA2C4EAA92006BA8B4 /* WeatherAppApp.swift */; };
		6E5D07DD2C4EAA92006BA8B4 /* ContentView.swift in Sources */ = {isa = PBXBuildFile; fileRef = 6E5D07DC2C4EAA92006BA8B4 /* ContentView.swift */; };
		6E5D07DF2C4EAA94006BA8B4 /* Assets.xcassets in Resources */ = {isa = PBXBuildFile; fileRef = 6E5D07DE2C4EAA94006BA8B4 /* Assets.xcassets */; };
		6E5D07E22C4EAA94006BA8B4 /* Preview Assets.xcassets in Resources */ = {isa = PBXBuildFile; fileRef = 6E5D07E12C4EAA94006BA8B4 /* Preview Assets.xcassets */; };
		6E5D07F72C4EAB7E006BA8B4 /* SettingsScreen.swift in Sources */ = {isa = PBXBuildFile; fileRef = 6E5D07F42C4EAB7E006BA8B4 /* SettingsScreen.swift */; };
		6E5D07F82C4EAB7E006BA8B4 /* AddCityScreen.swift in Sources */ = {isa = PBXBuildFile; fileRef = 6E5D07F52C4EAB7E006BA8B4 /* AddCityScreen.swift */; };
		6E5D07F92C4EAB7E006BA8B4 /* WeatherListScreen.swift in Sources */ = {isa = PBXBuildFile; fileRef = 6E5D07F62C4EAB7E006BA8B4 /* WeatherListScreen.swift */; };
		6E5D07FE2C4EABA9006BA8B4 /* UserDefaults+Extensions.swift in Sources */ = {isa = PBXBuildFile; fileRef = 6E5D07FA2C4EABA9006BA8B4 /* UserDefaults+Extensions.swift */; };
		6E5D07FF2C4EABA9006BA8B4 /* Date+Extensions.swift in Sources */ = {isa = PBXBuildFile; fileRef = 6E5D07FB2C4EABA9006BA8B4 /* Date+Extensions.swift */; };
		6E5D08002C4EABA9006BA8B4 /* String+Extensions.swift in Sources */ = {isa = PBXBuildFile; fileRef = 6E5D07FC2C4EABA9006BA8B4 /* String+Extensions.swift */; };
		6E5D08012C4EABA9006BA8B4 /* View+Extensions.swift in Sources */ = {isa = PBXBuildFile; fileRef = 6E5D07FD2C4EABA9006BA8B4 /* View+Extensions.swift */; };
		6E5D08032C4EAC18006BA8B4 /* Weather.swift in Sources */ = {isa = PBXBuildFile; fileRef = 6E5D08022C4EAC18006BA8B4 /* Weather.swift */; };
		6E5D08052C4EAC52006BA8B4 /* WebService.swift in Sources */ = {isa = PBXBuildFile; fileRef = 6E5D08042C4EAC52006BA8B4 /* WebService.swift */; };
		6E5D08072C4EAC76006BA8B4 /* Constants.swift in Sources */ = {isa = PBXBuildFile; fileRef = 6E5D08062C4EAC76006BA8B4 /* Constants.swift */; };
/* End PBXBuildFile section */

/* Begin PBXFileReference section */
		6E5D07D72C4EAA92006BA8B4 /* WeatherApp.app */ = {isa = PBXFileReference; explicitFileType = wrapper.application; includeInIndex = 0; path = WeatherApp.app; sourceTree = BUILT_PRODUCTS_DIR; };
		6E5D07DA2C4EAA92006BA8B4 /* WeatherAppApp.swift */ = {isa = PBXFileReference; lastKnownFileType = sourcecode.swift; path = WeatherAppApp.swift; sourceTree = "<group>"; };
		6E5D07DC2C4EAA92006BA8B4 /* ContentView.swift */ = {isa = PBXFileReference; lastKnownFileType = sourcecode.swift; path = ContentView.swift; sourceTree = "<group>"; };
		6E5D07DE2C4EAA94006BA8B4 /* Assets.xcassets */ = {isa = PBXFileReference; lastKnownFileType = folder.assetcatalog; path = Assets.xcassets; sourceTree = "<group>"; };
		6E5D07E12C4EAA94006BA8B4 /* Preview Assets.xcassets */ = {isa = PBXFileReference; lastKnownFileType = folder.assetcatalog; path = "Preview Assets.xcassets"; sourceTree = "<group>"; };
		6E5D07F42C4EAB7E006BA8B4 /* SettingsScreen.swift */ = {isa = PBXFileReference; fileEncoding = 4; lastKnownFileType = sourcecode.swift; path = SettingsScreen.swift; sourceTree = "<group>"; };
		6E5D07F52C4EAB7E006BA8B4 /* AddCityScreen.swift */ = {isa = PBXFileReference; fileEncoding = 4; lastKnownFileType = sourcecode.swift; path = AddCityScreen.swift; sourceTree = "<group>"; };
		6E5D07F62C4EAB7E006BA8B4 /* WeatherListScreen.swift */ = {isa = PBXFileReference; fileEncoding = 4; lastKnownFileType = sourcecode.swift; name = WeatherListScreen.swift; path = ../../../../Downloads/WeatherAppSwiftUI/WeatherAppSwiftUI/Screens/WeatherListScreen.swift; sourceTree = "<group>"; };
		6E5D07FA2C4EABA9006BA8B4 /* UserDefaults+Extensions.swift */ = {isa = PBXFileReference; fileEncoding = 4; lastKnownFileType = sourcecode.swift; path = "UserDefaults+Extensions.swift"; sourceTree = "<group>"; };
		6E5D07FB2C4EABA9006BA8B4 /* Date+Extensions.swift */ = {isa = PBXFileReference; fileEncoding = 4; lastKnownFileType = sourcecode.swift; path = "Date+Extensions.swift"; sourceTree = "<group>"; };
		6E5D07FC2C4EABA9006BA8B4 /* String+Extensions.swift */ = {isa = PBXFileReference; fileEncoding = 4; lastKnownFileType = sourcecode.swift; path = "String+Extensions.swift"; sourceTree = "<group>"; };
		6E5D07FD2C4EABA9006BA8B4 /* View+Extensions.swift */ = {isa = PBXFileReference; fileEncoding = 4; lastKnownFileType = sourcecode.swift; path = "View+Extensions.swift"; sourceTree = "<group>"; };
		6E5D08022C4EAC18006BA8B4 /* Weather.swift */ = {isa = PBXFileReference; lastKnownFileType = sourcecode.swift; path = Weather.swift; sourceTree = "<group>"; };
		6E5D08042C4EAC52006BA8B4 /* WebService.swift */ = {isa = PBXFileReference; lastKnownFileType = sourcecode.swift; path = WebService.swift; sourceTree = "<group>"; };
		6E5D08062C4EAC76006BA8B4 /* Constants.swift */ = {isa = PBXFileReference; lastKnownFileType = sourcecode.swift; path = Constants.swift; sourceTree = "<group>"; };
/* End PBXFileReference section */

/* Begin PBXFrameworksBuildPhase section */
		6E5D07D42C4EAA92006BA8B4 /* Frameworks */ = {
			isa = PBXFrameworksBuildPhase;
			buildActionMask = 2147483647;
			files = (
			);
			runOnlyForDeploymentPostprocessing = 0;
		};
/* End PBXFrameworksBuildPhase section */

/* Begin PBXGroup section */
		6E5D07CE2C4EAA92006BA8B4 = {
			isa = PBXGroup;
			children = (
				6E5D07D92C4EAA92006BA8B4 /* WeatherApp */,
				6E5D07D82C4EAA92006BA8B4 /* Products */,
			);
			sourceTree = "<group>";
		};
		6E5D07D82C4EAA92006BA8B4 /* Products */ = {
			isa = PBXGroup;
			children = (
				6E5D07D72C4EAA92006BA8B4 /* WeatherApp.app */,
			);
			name = Products;
			sourceTree = "<group>";
		};
		6E5D07D92C4EAA92006BA8B4 /* WeatherApp */ = {
			isa = PBXGroup;
			children = (
				6E5D07F12C4EAADF006BA8B4 /* Screens */,
				6E5D07E82C4EAAA3006BA8B4 /* Views */,
				6E5D07EB2C4EAABD006BA8B4 /* ViewModels */,
				6E5D07EF2C4EAAD1006BA8B4 /* Models */,
				6E5D07F02C4EAADB006BA8B4 /* Extensions */,
				6E5D07EE2C4EAACD006BA8B4 /* Services */,
				6E5D07EC2C4EAAC5006BA8B4 /* Utils */,
				6E5D07EA2C4EAAB7006BA8B4 /* GlobalState */,
				6E5D07DA2C4EAA92006BA8B4 /* WeatherAppApp.swift */,
				6E5D07DC2C4EAA92006BA8B4 /* ContentView.swift */,
				6E5D07DE2C4EAA94006BA8B4 /* Assets.xcassets */,
				6E5D07E02C4EAA94006BA8B4 /* Preview Content */,
			);
			path = WeatherApp;
			sourceTree = "<group>";
		};
		6E5D07E02C4EAA94006BA8B4 /* Preview Content */ = {
			isa = PBXGroup;
			children = (
				6E5D07E12C4EAA94006BA8B4 /* Preview Assets.xcassets */,
			);
			path = "Preview Content";
			sourceTree = "<group>";
		};
		6E5D07E82C4EAAA3006BA8B4 /* Views */ = {
			isa = PBXGroup;
			children = (
			);
			path = Views;
			sourceTree = "<group>";
		};
		6E5D07EA2C4EAAB7006BA8B4 /* GlobalState */ = {
			isa = PBXGroup;
			children = (
			);
			path = GlobalState;
			sourceTree = "<group>";
		};
		6E5D07EB2C4EAABD006BA8B4 /* ViewModels */ = {
			isa = PBXGroup;
			children = (
			);
			path = ViewModels;
			sourceTree = "<group>";
		};
		6E5D07EC2C4EAAC5006BA8B4 /* Utils */ = {
			isa = PBXGroup;
			children = (
				6E5D08062C4EAC76006BA8B4 /* Constants.swift */,
			);
			path = Utils;
			sourceTree = "<group>";
		};
		6E5D07EE2C4EAACD006BA8B4 /* Services */ = {
			isa = PBXGroup;
			children = (
				6E5D08042C4EAC52006BA8B4 /* WebService.swift */,
			);
			path = Services;
			sourceTree = "<group>";
		};
		6E5D07EF2C4EAAD1006BA8B4 /* Models */ = {
			isa = PBXGroup;
			children = (
				6E5D08022C4EAC18006BA8B4 /* Weather.swift */,
			);
			path = Models;
			sourceTree = "<group>";
		};
		6E5D07F02C4EAADB006BA8B4 /* Extensions */ = {
			isa = PBXGroup;
			children = (
				6E5D07FB2C4EABA9006BA8B4 /* Date+Extensions.swift */,
				6E5D07FC2C4EABA9006BA8B4 /* String+Extensions.swift */,
				6E5D07FA2C4EABA9006BA8B4 /* UserDefaults+Extensions.swift */,
				6E5D07FD2C4EABA9006BA8B4 /* View+Extensions.swift */,
			);
			path = Extensions;
			sourceTree = "<group>";
		};
		6E5D07F12C4EAADF006BA8B4 /* Screens */ = {
			isa = PBXGroup;
			children = (
				6E5D07F52C4EAB7E006BA8B4 /* AddCityScreen.swift */,
				6E5D07F42C4EAB7E006BA8B4 /* SettingsScreen.swift */,
				6E5D07F62C4EAB7E006BA8B4 /* WeatherListScreen.swift */,
			);
			path = Screens;
			sourceTree = "<group>";
		};
/* End PBXGroup section */

/* Begin PBXNativeTarget section */
		6E5D07D62C4EAA92006BA8B4 /* WeatherApp */ = {
			isa = PBXNativeTarget;
			buildConfigurationList = 6E5D07E52C4EAA94006BA8B4 /* Build configuration list for PBXNativeTarget "WeatherApp" */;
			buildPhases = (
				6E5D07D32C4EAA92006BA8B4 /* Sources */,
				6E5D07D42C4EAA92006BA8B4 /* Frameworks */,
				6E5D07D52C4EAA92006BA8B4 /* Resources */,
			);
			buildRules = (
			);
			dependencies = (
			);
			name = WeatherApp;
			productName = WeatherApp;
			productReference = 6E5D07D72C4EAA92006BA8B4 /* WeatherApp.app */;
			productType = "com.apple.product-type.application";
		};
/* End PBXNativeTarget section */

/* Begin PBXProject section */
		6E5D07CF2C4EAA92006BA8B4 /* Project object */ = {
			isa = PBXProject;
			attributes = {
				BuildIndependentTargetsInParallel = 1;
				LastSwiftUpdateCheck = 1540;
				LastUpgradeCheck = 1540;
				TargetAttributes = {
					6E5D07D62C4EAA92006BA8B4 = {
						CreatedOnToolsVersion = 15.4;
					};
				};
			};
			buildConfigurationList = 6E5D07D22C4EAA92006BA8B4 /* Build configuration list for PBXProject "WeatherApp" */;
			compatibilityVersion = "Xcode 14.0";
			developmentRegion = en;
			hasScannedForEncodings = 0;
			knownRegions = (
				en,
				Base,
			);
			mainGroup = 6E5D07CE2C4EAA92006BA8B4;
			productRefGroup = 6E5D07D82C4EAA92006BA8B4 /* Products */;
			projectDirPath = "";
			projectRoot = "";
			targets = (
				6E5D07D62C4EAA92006BA8B4 /* WeatherApp */,
			);
		};
/* End PBXProject section */

/* Begin PBXResourcesBuildPhase section */
		6E5D07D52C4EAA92006BA8B4 /* Resources */ = {
			isa = PBXResourcesBuildPhase;
			buildActionMask = 2147483647;
			files = (
				6E5D07E22C4EAA94006BA8B4 /* Preview Assets.xcassets in Resources */,
				6E5D07DF2C4EAA94006BA8B4 /* Assets.xcassets in Resources */,
			);
			runOnlyForDeploymentPostprocessing = 0;
		};
/* End PBXResourcesBuildPhase section */

/* Begin PBXSourcesBuildPhase section */
		6E5D07D32C4EAA92006BA8B4 /* Sources */ = {
			isa = PBXSourcesBuildPhase;
			buildActionMask = 2147483647;
			files = (
				6E5D08052C4EAC52006BA8B4 /* WebService.swift in Sources */,
				6E5D07F82C4EAB7E006BA8B4 /* AddCityScreen.swift in Sources */,
				6E5D08012C4EABA9006BA8B4 /* View+Extensions.swift in Sources */,
				6E5D07DD2C4EAA92006BA8B4 /* ContentView.swift in Sources */,
				6E5D07FF2C4EABA9006BA8B4 /* Date+Extensions.swift in Sources */,
				6E5D08032C4EAC18006BA8B4 /* Weather.swift in Sources */,
				6E5D07F92C4EAB7E006BA8B4 /* WeatherListScreen.swift in Sources */,
				6E5D08002C4EABA9006BA8B4 /* String+Extensions.swift in Sources */,
				6E5D07F72C4EAB7E006BA8B4 /* SettingsScreen.swift in Sources */,
				6E5D07FE2C4EABA9006BA8B4 /* UserDefaults+Extensions.swift in Sources */,
				6E5D07DB2C4EAA92006BA8B4 /* WeatherAppApp.swift in Sources */,
				6E5D08072C4EAC76006BA8B4 /* Constants.swift in Sources */,
			);
			runOnlyForDeploymentPostprocessing = 0;
		};
/* End PBXSourcesBuildPhase section */

/* Begin XCBuildConfiguration section */
		6E5D07E32C4EAA94006BA8B4 /* Debug */ = {
			isa = XCBuildConfiguration;
			buildSettings = {
				ALWAYS_SEARCH_USER_PATHS = NO;
				ASSETCATALOG_COMPILER_GENERATE_SWIFT_ASSET_SYMBOL_EXTENSIONS = YES;
				CLANG_ANALYZER_NONNULL = YES;
				CLANG_ANALYZER_NUMBER_OBJECT_CONVERSION = YES_AGGRESSIVE;
				CLANG_CXX_LANGUAGE_STANDARD = "gnu++20";
				CLANG_ENABLE_MODULES = YES;
				CLANG_ENABLE_OBJC_ARC = YES;
				CLANG_ENABLE_OBJC_WEAK = YES;
				CLANG_WARN_BLOCK_CAPTURE_AUTORELEASING = YES;
				CLANG_WARN_BOOL_CONVERSION = YES;
				CLANG_WARN_COMMA = YES;
				CLANG_WARN_CONSTANT_CONVERSION = YES;
				CLANG_WARN_DEPRECATED_OBJC_IMPLEMENTATIONS = YES;
				CLANG_WARN_DIRECT_OBJC_ISA_USAGE = YES_ERROR;
				CLANG_WARN_DOCUMENTATION_COMMENTS = YES;
				CLANG_WARN_EMPTY_BODY = YES;
				CLANG_WARN_ENUM_CONVERSION = YES;
				CLANG_WARN_INFINITE_RECURSION = YES;
				CLANG_WARN_INT_CONVERSION = YES;
				CLANG_WARN_NON_LITERAL_NULL_CONVERSION = YES;
				CLANG_WARN_OBJC_IMPLICIT_RETAIN_SELF = YES;
				CLANG_WARN_OBJC_LITERAL_CONVERSION = YES;
				CLANG_WARN_OBJC_ROOT_CLASS = YES_ERROR;
				CLANG_WARN_QUOTED_INCLUDE_IN_FRAMEWORK_HEADER = YES;
				CLANG_WARN_RANGE_LOOP_ANALYSIS = YES;
				CLANG_WARN_STRICT_PROTOTYPES = YES;
				CLANG_WARN_SUSPICIOUS_MOVE = YES;
				CLANG_WARN_UNGUARDED_AVAILABILITY = YES_AGGRESSIVE;
				CLANG_WARN_UNREACHABLE_CODE = YES;
				CLANG_WARN__DUPLICATE_METHOD_MATCH = YES;
				COPY_PHASE_STRIP = NO;
				DEBUG_INFORMATION_FORMAT = dwarf;
				ENABLE_STRICT_OBJC_MSGSEND = YES;
				ENABLE_TESTABILITY = YES;
				ENABLE_USER_SCRIPT_SANDBOXING = YES;
				GCC_C_LANGUAGE_STANDARD = gnu17;
				GCC_DYNAMIC_NO_PIC = NO;
				GCC_NO_COMMON_BLOCKS = YES;
				GCC_OPTIMIZATION_LEVEL = 0;
				GCC_PREPROCESSOR_DEFINITIONS = (
					"DEBUG=1",
					"$(inherited)",
				);
				GCC_WARN_64_TO_32_BIT_CONVERSION = YES;
				GCC_WARN_ABOUT_RETURN_TYPE = YES_ERROR;
				GCC_WARN_UNDECLARED_SELECTOR = YES;
				GCC_WARN_UNINITIALIZED_AUTOS = YES_AGGRESSIVE;
				GCC_WARN_UNUSED_FUNCTION = YES;
				GCC_WARN_UNUSED_VARIABLE = YES;
				IPHONEOS_DEPLOYMENT_TARGET = 17.5;
				LOCALIZATION_PREFERS_STRING_CATALOGS = YES;
				MTL_ENABLE_DEBUG_INFO = INCLUDE_SOURCE;
				MTL_FAST_MATH = YES;
				ONLY_ACTIVE_ARCH = YES;
				SDKROOT = iphoneos;
				SWIFT_ACTIVE_COMPILATION_CONDITIONS = "DEBUG $(inherited)";
				SWIFT_OPTIMIZATION_LEVEL = "-Onone";
			};
			name = Debug;
		};
		6E5D07E42C4EAA94006BA8B4 /* Release */ = {
			isa = XCBuildConfiguration;
			buildSettings = {
				ALWAYS_SEARCH_USER_PATHS = NO;
				ASSETCATALOG_COMPILER_GENERATE_SWIFT_ASSET_SYMBOL_EXTENSIONS = YES;
				CLANG_ANALYZER_NONNULL = YES;
				CLANG_ANALYZER_NUMBER_OBJECT_CONVERSION = YES_AGGRESSIVE;
				CLANG_CXX_LANGUAGE_STANDARD = "gnu++20";
				CLANG_ENABLE_MODULES = YES;
				CLANG_ENABLE_OBJC_ARC = YES;
				CLANG_ENABLE_OBJC_WEAK = YES;
				CLANG_WARN_BLOCK_CAPTURE_AUTORELEASING = YES;
				CLANG_WARN_BOOL_CONVERSION = YES;
				CLANG_WARN_COMMA = YES;
				CLANG_WARN_CONSTANT_CONVERSION = YES;
				CLANG_WARN_DEPRECATED_OBJC_IMPLEMENTATIONS = YES;
				CLANG_WARN_DIRECT_OBJC_ISA_USAGE = YES_ERROR;
				CLANG_WARN_DOCUMENTATION_COMMENTS = YES;
				CLANG_WARN_EMPTY_BODY = YES;
				CLANG_WARN_ENUM_CONVERSION = YES;
				CLANG_WARN_INFINITE_RECURSION = YES;
				CLANG_WARN_INT_CONVERSION = YES;
				CLANG_WARN_NON_LITERAL_NULL_CONVERSION = YES;
				CLANG_WARN_OBJC_IMPLICIT_RETAIN_SELF = YES;
				CLANG_WARN_OBJC_LITERAL_CONVERSION = YES;
				CLANG_WARN_OBJC_ROOT_CLASS = YES_ERROR;
				CLANG_WARN_QUOTED_INCLUDE_IN_FRAMEWORK_HEADER = YES;
				CLANG_WARN_RANGE_LOOP_ANALYSIS = YES;
				CLANG_WARN_STRICT_PROTOTYPES = YES;
				CLANG_WARN_SUSPICIOUS_MOVE = YES;
				CLANG_WARN_UNGUARDED_AVAILABILITY = YES_AGGRESSIVE;
				CLANG_WARN_UNREACHABLE_CODE = YES;
				CLANG_WARN__DUPLICATE_METHOD_MATCH = YES;
				COPY_PHASE_STRIP = NO;
				DEBUG_INFORMATION_FORMAT = "dwarf-with-dsym";
				ENABLE_NS_ASSERTIONS = NO;
				ENABLE_STRICT_OBJC_MSGSEND = YES;
				ENABLE_USER_SCRIPT_SANDBOXING = YES;
				GCC_C_LANGUAGE_STANDARD = gnu17;
				GCC_NO_COMMON_BLOCKS = YES;
				GCC_WARN_64_TO_32_BIT_CONVERSION = YES;
				GCC_WARN_ABOUT_RETURN_TYPE = YES_ERROR;
				GCC_WARN_UNDECLARED_SELECTOR = YES;
				GCC_WARN_UNINITIALIZED_AUTOS = YES_AGGRESSIVE;
				GCC_WARN_UNUSED_FUNCTION = YES;
				GCC_WARN_UNUSED_VARIABLE = YES;
				IPHONEOS_DEPLOYMENT_TARGET = 17.5;
				LOCALIZATION_PREFERS_STRING_CATALOGS = YES;
				MTL_ENABLE_DEBUG_INFO = NO;
				MTL_FAST_MATH = YES;
				SDKROOT = iphoneos;
				SWIFT_COMPILATION_MODE = wholemodule;
				VALIDATE_PRODUCT = YES;
			};
			name = Release;
		};
		6E5D07E62C4EAA94006BA8B4 /* Debug */ = {
			isa = XCBuildConfiguration;
			buildSettings = {
				ASSETCATALOG_COMPILER_APPICON_NAME = AppIcon;
				ASSETCATALOG_COMPILER_GLOBAL_ACCENT_COLOR_NAME = AccentColor;
				CODE_SIGN_STYLE = Automatic;
				CURRENT_PROJECT_VERSION = 1;
				DEVELOPMENT_ASSET_PATHS = "\"WeatherApp/Preview Content\"";
				DEVELOPMENT_TEAM = U33WGMG679;
				ENABLE_PREVIEWS = YES;
				GENERATE_INFOPLIST_FILE = YES;
				INFOPLIST_KEY_UIApplicationSceneManifest_Generation = YES;
				INFOPLIST_KEY_UIApplicationSupportsIndirectInputEvents = YES;
				INFOPLIST_KEY_UILaunchScreen_Generation = YES;
				INFOPLIST_KEY_UISupportedInterfaceOrientations_iPad = "UIInterfaceOrientationPortrait UIInterfaceOrientationPortraitUpsideDown UIInterfaceOrientationLandscapeLeft UIInterfaceOrientationLandscapeRight";
				INFOPLIST_KEY_UISupportedInterfaceOrientations_iPhone = "UIInterfaceOrientationPortrait UIInterfaceOrientationLandscapeLeft UIInterfaceOrientationLandscapeRight";
				LD_RUNPATH_SEARCH_PATHS = (
					"$(inherited)",
					"@executable_path/Frameworks",
				);
				MARKETING_VERSION = 1.0;
				PRODUCT_BUNDLE_IDENTIFIER = aguirre.pablo.WeatherApp;
				PRODUCT_NAME = "$(TARGET_NAME)";
				SWIFT_EMIT_LOC_STRINGS = YES;
				SWIFT_VERSION = 5.0;
				TARGETED_DEVICE_FAMILY = "1,2";
			};
			name = Debug;
		};
		6E5D07E72C4EAA94006BA8B4 /* Release */ = {
			isa = XCBuildConfiguration;
			buildSettings = {
				ASSETCATALOG_COMPILER_APPICON_NAME = AppIcon;
				ASSETCATALOG_COMPILER_GLOBAL_ACCENT_COLOR_NAME = AccentColor;
				CODE_SIGN_STYLE = Automatic;
				CURRENT_PROJECT_VERSION = 1;
				DEVELOPMENT_ASSET_PATHS = "\"WeatherApp/Preview Content\"";
				DEVELOPMENT_TEAM = U33WGMG679;
				ENABLE_PREVIEWS = YES;
				GENERATE_INFOPLIST_FILE = YES;
				INFOPLIST_KEY_UIApplicationSceneManifest_Generation = YES;
				INFOPLIST_KEY_UIApplicationSupportsIndirectInputEvents = YES;
				INFOPLIST_KEY_UILaunchScreen_Generation = YES;
				INFOPLIST_KEY_UISupportedInterfaceOrientations_iPad = "UIInterfaceOrientationPortrait UIInterfaceOrientationPortraitUpsideDown UIInterfaceOrientationLandscapeLeft UIInterfaceOrientationLandscapeRight";
				INFOPLIST_KEY_UISupportedInterfaceOrientations_iPhone = "UIInterfaceOrientationPortrait UIInterfaceOrientationLandscapeLeft UIInterfaceOrientationLandscapeRight";
				LD_RUNPATH_SEARCH_PATHS = (
					"$(inherited)",
					"@executable_path/Frameworks",
				);
				MARKETING_VERSION = 1.0;
				PRODUCT_BUNDLE_IDENTIFIER = aguirre.pablo.WeatherApp;
				PRODUCT_NAME = "$(TARGET_NAME)";
				SWIFT_EMIT_LOC_STRINGS = YES;
				SWIFT_VERSION = 5.0;
				TARGETED_DEVICE_FAMILY = "1,2";
			};
			name = Release;
		};
/* End XCBuildConfiguration section */

/* Begin XCConfigurationList section */
		6E5D07D22C4EAA92006BA8B4 /* Build configuration list for PBXProject "WeatherApp" */ = {
			isa = XCConfigurationList;
			buildConfigurations = (
				6E5D07E32C4EAA94006BA8B4 /* Debug */,
				6E5D07E42C4EAA94006BA8B4 /* Release */,
			);
			defaultConfigurationIsVisible = 0;
			defaultConfigurationName = Release;
		};
		6E5D07E52C4EAA94006BA8B4 /* Build configuration list for PBXNativeTarget "WeatherApp" */ = {
			isa = XCConfigurationList;
			buildConfigurations = (
				6E5D07E62C4EAA94006BA8B4 /* Debug */,
				6E5D07E72C4EAA94006BA8B4 /* Release */,
			);
			defaultConfigurationIsVisible = 0;
			defaultConfigurationName = Release;
		};
/* End XCConfigurationList section */
	};
	rootObject = 6E5D07CF2C4EAA92006BA8B4 /* Project object */;
}
